// !$*UTF8*$!
{
	archiveVersion = 1;
	classes = {
	};
	objectVersion = 55;
	objects = {

/* Begin PBXBuildFile section */
		047D048C280ED2C100891D4E /* AppleMusicSwiftUIApp.swift in Sources */ = {isa = PBXBuildFile; fileRef = 047D048B280ED2C100891D4E /* AppleMusicSwiftUIApp.swift */; };
		047D048E280ED2C100891D4E /* TabViewContent.swift in Sources */ = {isa = PBXBuildFile; fileRef = 047D048D280ED2C100891D4E /* TabViewContent.swift */; };
		047D0490280ED2C400891D4E /* Assets.xcassets in Resources */ = {isa = PBXBuildFile; fileRef = 047D048F280ED2C400891D4E /* Assets.xcassets */; };
		047D0493280ED2C400891D4E /* Preview Assets.xcassets in Resources */ = {isa = PBXBuildFile; fileRef = 047D0492280ED2C400891D4E /* Preview Assets.xcassets */; };
		047D049F280F1CDD00891D4E /* Player.swift in Sources */ = {isa = PBXBuildFile; fileRef = 047D049E280F1CDD00891D4E /* Player.swift */; };
		047D04A1280FFF8F00891D4E /* SongModel.swift in Sources */ = {isa = PBXBuildFile; fileRef = 047D04A0280FFF8E00891D4E /* SongModel.swift */; };
		047D04A32810167D00891D4E /* MediaLibraryView.swift in Sources */ = {isa = PBXBuildFile; fileRef = 047D04A22810167D00891D4E /* MediaLibraryView.swift */; };
		047D04A72810244100891D4E /* OptionLibraryModel.swift in Sources */ = {isa = PBXBuildFile; fileRef = 047D04A62810244100891D4E /* OptionLibraryModel.swift */; };
		047D04A9281027F500891D4E /* OptionLibraryView.swift in Sources */ = {isa = PBXBuildFile; fileRef = 047D04A8281027F500891D4E /* OptionLibraryView.swift */; };
		047D04AB28103DE900891D4E /* LibraryView.swift in Sources */ = {isa = PBXBuildFile; fileRef = 047D04AA28103DE900891D4E /* LibraryView.swift */; };
/* End PBXBuildFile section */

/* Begin PBXFileReference section */
		047D0488280ED2C100891D4E /* AppleMusicSwiftUI.app */ = {isa = PBXFileReference; explicitFileType = wrapper.application; includeInIndex = 0; path = AppleMusicSwiftUI.app; sourceTree = BUILT_PRODUCTS_DIR; };
		047D048B280ED2C100891D4E /* AppleMusicSwiftUIApp.swift */ = {isa = PBXFileReference; lastKnownFileType = sourcecode.swift; path = AppleMusicSwiftUIApp.swift; sourceTree = "<group>"; };
		047D048D280ED2C100891D4E /* TabViewContent.swift */ = {isa = PBXFileReference; lastKnownFileType = sourcecode.swift; path = TabViewContent.swift; sourceTree = "<group>"; };
		047D048F280ED2C400891D4E /* Assets.xcassets */ = {isa = PBXFileReference; lastKnownFileType = folder.assetcatalog; path = Assets.xcassets; sourceTree = "<group>"; };
		047D0492280ED2C400891D4E /* Preview Assets.xcassets */ = {isa = PBXFileReference; lastKnownFileType = folder.assetcatalog; path = "Preview Assets.xcassets"; sourceTree = "<group>"; };
		047D049E280F1CDD00891D4E /* Player.swift */ = {isa = PBXFileReference; lastKnownFileType = sourcecode.swift; path = Player.swift; sourceTree = "<group>"; };
		047D04A0280FFF8E00891D4E /* SongModel.swift */ = {isa = PBXFileReference; lastKnownFileType = sourcecode.swift; path = SongModel.swift; sourceTree = "<group>"; };
		047D04A22810167D00891D4E /* MediaLibraryView.swift */ = {isa = PBXFileReference; lastKnownFileType = sourcecode.swift; path = MediaLibraryView.swift; sourceTree = "<group>"; };
		047D04A62810244100891D4E /* OptionLibraryModel.swift */ = {isa = PBXFileReference; lastKnownFileType = sourcecode.swift; path = OptionLibraryModel.swift; sourceTree = "<group>"; };
		047D04A8281027F500891D4E /* OptionLibraryView.swift */ = {isa = PBXFileReference; lastKnownFileType = sourcecode.swift; path = OptionLibraryView.swift; sourceTree = "<group>"; };
		047D04AA28103DE900891D4E /* LibraryView.swift */ = {isa = PBXFileReference; lastKnownFileType = sourcecode.swift; path = LibraryView.swift; sourceTree = "<group>"; };
/* End PBXFileReference section */

/* Begin PBXFrameworksBuildPhase section */
		047D0485280ED2C100891D4E /* Frameworks */ = {
			isa = PBXFrameworksBuildPhase;
			buildActionMask = 2147483647;
			files = (
			);
			runOnlyForDeploymentPostprocessing = 0;
		};
/* End PBXFrameworksBuildPhase section */

/* Begin PBXGroup section */
		047D047F280ED2C100891D4E = {
			isa = PBXGroup;
			children = (
				047D048A280ED2C100891D4E /* AppleMusicSwiftUI */,
				047D0489280ED2C100891D4E /* Products */,
			);
			sourceTree = "<group>";
		};
		047D0489280ED2C100891D4E /* Products */ = {
			isa = PBXGroup;
			children = (
				047D0488280ED2C100891D4E /* AppleMusicSwiftUI.app */,
			);
			name = Products;
			sourceTree = "<group>";
		};
		047D048A280ED2C100891D4E /* AppleMusicSwiftUI */ = {
			isa = PBXGroup;
			children = (
				047D0499280ED52B00891D4E /* Sources */,
				047D049D280EE6E300891D4E /* Resources */,
			);
			path = AppleMusicSwiftUI;
			sourceTree = "<group>";
		};
		047D0491280ED2C400891D4E /* Preview Content */ = {
			isa = PBXGroup;
			children = (
				047D0492280ED2C400891D4E /* Preview Assets.xcassets */,
			);
			path = "Preview Content";
			sourceTree = "<group>";
		};
		047D0499280ED52B00891D4E /* Sources */ = {
			isa = PBXGroup;
			children = (
				047D049A280ED53300891D4E /* App */,
				047D049B280ED53E00891D4E /* View */,
				047D049C280ED55100891D4E /* Model */,
			);
			path = Sources;
			sourceTree = "<group>";
		};
		047D049A280ED53300891D4E /* App */ = {
			isa = PBXGroup;
			children = (
				047D048B280ED2C100891D4E /* AppleMusicSwiftUIApp.swift */,
			);
			path = App;
			sourceTree = "<group>";
		};
		047D049B280ED53E00891D4E /* View */ = {
			isa = PBXGroup;
			children = (
				047D048D280ED2C100891D4E /* TabViewContent.swift */,
				047D049E280F1CDD00891D4E /* Player.swift */,
				047D04A22810167D00891D4E /* MediaLibraryView.swift */,
				047D04A8281027F500891D4E /* OptionLibraryView.swift */,
				047D04AA28103DE900891D4E /* LibraryView.swift */,
			);
			path = View;
			sourceTree = "<group>";
		};
		047D049C280ED55100891D4E /* Model */ = {
			isa = PBXGroup;
			children = (
				047D04A0280FFF8E00891D4E /* SongModel.swift */,
				047D04A62810244100891D4E /* OptionLibraryModel.swift */,
			);
			path = Model;
			sourceTree = "<group>";
		};
		047D049D280EE6E300891D4E /* Resources */ = {
			isa = PBXGroup;
			children = (
				047D0491280ED2C400891D4E /* Preview Content */,
				047D048F280ED2C400891D4E /* Assets.xcassets */,
			);
			path = Resources;
			sourceTree = "<group>";
		};
/* End PBXGroup section */

/* Begin PBXNativeTarget section */
		047D0487280ED2C100891D4E /* AppleMusicSwiftUI */ = {
			isa = PBXNativeTarget;
			buildConfigurationList = 047D0496280ED2C400891D4E /* Build configuration list for PBXNativeTarget "AppleMusicSwiftUI" */;
			buildPhases = (
				047D0484280ED2C100891D4E /* Sources */,
				047D0485280ED2C100891D4E /* Frameworks */,
				047D0486280ED2C100891D4E /* Resources */,
			);
			buildRules = (
			);
			dependencies = (
			);
			name = AppleMusicSwiftUI;
			productName = AppleMusicSwiftUI;
			productReference = 047D0488280ED2C100891D4E /* AppleMusicSwiftUI.app */;
			productType = "com.apple.product-type.application";
		};
/* End PBXNativeTarget section */

/* Begin PBXProject section */
		047D0480280ED2C100891D4E /* Project object */ = {
			isa = PBXProject;
			attributes = {
				BuildIndependentTargetsInParallel = 1;
				LastSwiftUpdateCheck = 1330;
				LastUpgradeCheck = 1330;
				TargetAttributes = {
					047D0487280ED2C100891D4E = {
						CreatedOnToolsVersion = 13.3.1;
					};
				};
			};
			buildConfigurationList = 047D0483280ED2C100891D4E /* Build configuration list for PBXProject "AppleMusicSwiftUI" */;
			compatibilityVersion = "Xcode 13.0";
			developmentRegion = en;
			hasScannedForEncodings = 0;
			knownRegions = (
				en,
				Base,
			);
			mainGroup = 047D047F280ED2C100891D4E;
			productRefGroup = 047D0489280ED2C100891D4E /* Products */;
			projectDirPath = "";
			projectRoot = "";
			targets = (
				047D0487280ED2C100891D4E /* AppleMusicSwiftUI */,
			);
		};
/* End PBXProject section */

/* Begin PBXResourcesBuildPhase section */
		047D0486280ED2C100891D4E /* Resources */ = {
			isa = PBXResourcesBuildPhase;
			buildActionMask = 2147483647;
			files = (
				047D0493280ED2C400891D4E /* Preview Assets.xcassets in Resources */,
				047D0490280ED2C400891D4E /* Assets.xcassets in Resources */,
			);
			runOnlyForDeploymentPostprocessing = 0;
		};
/* End PBXResourcesBuildPhase section */

/* Begin PBXSourcesBuildPhase section */
		047D0484280ED2C100891D4E /* Sources */ = {
			isa = PBXSourcesBuildPhase;
			buildActionMask = 2147483647;
			files = (
				047D04A32810167D00891D4E /* MediaLibraryView.swift in Sources */,
				047D048E280ED2C100891D4E /* TabViewContent.swift in Sources */,
				047D04A72810244100891D4E /* OptionLibraryModel.swift in Sources */,
				047D04A9281027F500891D4E /* OptionLibraryView.swift in Sources */,
				047D04AB28103DE900891D4E /* LibraryView.swift in Sources */,
				047D049F280F1CDD00891D4E /* Player.swift in Sources */,
				047D04A1280FFF8F00891D4E /* SongModel.swift in Sources */,
				047D048C280ED2C100891D4E /* AppleMusicSwiftUIApp.swift in Sources */,
			);
			runOnlyForDeploymentPostprocessing = 0;
		};
/* End PBXSourcesBuildPhase section */

/* Begin XCBuildConfiguration section */
		047D0494280ED2C400891D4E /* Debug */ = {
			isa = XCBuildConfiguration;
			buildSettings = {
				ALWAYS_SEARCH_USER_PATHS = NO;
				CLANG_ANALYZER_NONNULL = YES;
				CLANG_ANALYZER_NUMBER_OBJECT_CONVERSION = YES_AGGRESSIVE;
				CLANG_CXX_LANGUAGE_STANDARD = "gnu++17";
				CLANG_ENABLE_MODULES = YES;
				CLANG_ENABLE_OBJC_ARC = YES;
				CLANG_ENABLE_OBJC_WEAK = YES;
				CLANG_WARN_BLOCK_CAPTURE_AUTORELEASING = YES;
				CLANG_WARN_BOOL_CONVERSION = YES;
				CLANG_WARN_COMMA = YES;
				CLANG_WARN_CONSTANT_CONVERSION = YES;
				CLANG_WARN_DEPRECATED_OBJC_IMPLEMENTATIONS = YES;
				CLANG_WARN_DIRECT_OBJC_ISA_USAGE = YES_ERROR;
				CLANG_WARN_DOCUMENTATION_COMMENTS = YES;
				CLANG_WARN_EMPTY_BODY = YES;
				CLANG_WARN_ENUM_CONVERSION = YES;
				CLANG_WARN_INFINITE_RECURSION = YES;
				CLANG_WARN_INT_CONVERSION = YES;
				CLANG_WARN_NON_LITERAL_NULL_CONVERSION = YES;
				CLANG_WARN_OBJC_IMPLICIT_RETAIN_SELF = YES;
				CLANG_WARN_OBJC_LITERAL_CONVERSION = YES;
				CLANG_WARN_OBJC_ROOT_CLASS = YES_ERROR;
				CLANG_WARN_QUOTED_INCLUDE_IN_FRAMEWORK_HEADER = YES;
				CLANG_WARN_RANGE_LOOP_ANALYSIS = YES;
				CLANG_WARN_STRICT_PROTOTYPES = YES;
				CLANG_WARN_SUSPICIOUS_MOVE = YES;
				CLANG_WARN_UNGUARDED_AVAILABILITY = YES_AGGRESSIVE;
				CLANG_WARN_UNREACHABLE_CODE = YES;
				CLANG_WARN__DUPLICATE_METHOD_MATCH = YES;
				COPY_PHASE_STRIP = NO;
				DEBUG_INFORMATION_FORMAT = dwarf;
				ENABLE_STRICT_OBJC_MSGSEND = YES;
				ENABLE_TESTABILITY = YES;
				GCC_C_LANGUAGE_STANDARD = gnu11;
				GCC_DYNAMIC_NO_PIC = NO;
				GCC_NO_COMMON_BLOCKS = YES;
				GCC_OPTIMIZATION_LEVEL = 0;
				GCC_PREPROCESSOR_DEFINITIONS = (
					"DEBUG=1",
					"$(inherited)",
				);
				GCC_WARN_64_TO_32_BIT_CONVERSION = YES;
				GCC_WARN_ABOUT_RETURN_TYPE = YES_ERROR;
				GCC_WARN_UNDECLARED_SELECTOR = YES;
				GCC_WARN_UNINITIALIZED_AUTOS = YES_AGGRESSIVE;
				GCC_WARN_UNUSED_FUNCTION = YES;
				GCC_WARN_UNUSED_VARIABLE = YES;
				IPHONEOS_DEPLOYMENT_TARGET = 15.4;
				MTL_ENABLE_DEBUG_INFO = INCLUDE_SOURCE;
				MTL_FAST_MATH = YES;
				ONLY_ACTIVE_ARCH = YES;
				SDKROOT = iphoneos;
				SWIFT_ACTIVE_COMPILATION_CONDITIONS = DEBUG;
				SWIFT_OPTIMIZATION_LEVEL = "-Onone";
			};
			name = Debug;
		};
		047D0495280ED2C400891D4E /* Release */ = {
			isa = XCBuildConfiguration;
			buildSettings = {
				ALWAYS_SEARCH_USER_PATHS = NO;
				CLANG_ANALYZER_NONNULL = YES;
				CLANG_ANALYZER_NUMBER_OBJECT_CONVERSION = YES_AGGRESSIVE;
				CLANG_CXX_LANGUAGE_STANDARD = "gnu++17";
				CLANG_ENABLE_MODULES = YES;
				CLANG_ENABLE_OBJC_ARC = YES;
				CLANG_ENABLE_OBJC_WEAK = YES;
				CLANG_WARN_BLOCK_CAPTURE_AUTORELEASING = YES;
				CLANG_WARN_BOOL_CONVERSION = YES;
				CLANG_WARN_COMMA = YES;
				CLANG_WARN_CONSTANT_CONVERSION = YES;
				CLANG_WARN_DEPRECATED_OBJC_IMPLEMENTATIONS = YES;
				CLANG_WARN_DIRECT_OBJC_ISA_USAGE = YES_ERROR;
				CLANG_WARN_DOCUMENTATION_COMMENTS = YES;
				CLANG_WARN_EMPTY_BODY = YES;
				CLANG_WARN_ENUM_CONVERSION = YES;
				CLANG_WARN_INFINITE_RECURSION = YES;
				CLANG_WARN_INT_CONVERSION = YES;
				CLANG_WARN_NON_LITERAL_NULL_CONVERSION = YES;
				CLANG_WARN_OBJC_IMPLICIT_RETAIN_SELF = YES;
				CLANG_WARN_OBJC_LITERAL_CONVERSION = YES;
				CLANG_WARN_OBJC_ROOT_CLASS = YES_ERROR;
				CLANG_WARN_QUOTED_INCLUDE_IN_FRAMEWORK_HEADER = YES;
				CLANG_WARN_RANGE_LOOP_ANALYSIS = YES;
				CLANG_WARN_STRICT_PROTOTYPES = YES;
				CLANG_WARN_SUSPICIOUS_MOVE = YES;
				CLANG_WARN_UNGUARDED_AVAILABILITY = YES_AGGRESSIVE;
				CLANG_WARN_UNREACHABLE_CODE = YES;
				CLANG_WARN__DUPLICATE_METHOD_MATCH = YES;
				COPY_PHASE_STRIP = NO;
				DEBUG_INFORMATION_FORMAT = "dwarf-with-dsym";
				ENABLE_NS_ASSERTIONS = NO;
				ENABLE_STRICT_OBJC_MSGSEND = YES;
				GCC_C_LANGUAGE_STANDARD = gnu11;
				GCC_NO_COMMON_BLOCKS = YES;
				GCC_WARN_64_TO_32_BIT_CONVERSION = YES;
				GCC_WARN_ABOUT_RETURN_TYPE = YES_ERROR;
				GCC_WARN_UNDECLARED_SELECTOR = YES;
				GCC_WARN_UNINITIALIZED_AUTOS = YES_AGGRESSIVE;
				GCC_WARN_UNUSED_FUNCTION = YES;
				GCC_WARN_UNUSED_VARIABLE = YES;
				IPHONEOS_DEPLOYMENT_TARGET = 15.4;
				MTL_ENABLE_DEBUG_INFO = NO;
				MTL_FAST_MATH = YES;
				SDKROOT = iphoneos;
				SWIFT_COMPILATION_MODE = wholemodule;
				SWIFT_OPTIMIZATION_LEVEL = "-O";
				VALIDATE_PRODUCT = YES;
			};
			name = Release;
		};
		047D0497280ED2C400891D4E /* Debug */ = {
			isa = XCBuildConfiguration;
			buildSettings = {
				ASSETCATALOG_COMPILER_APPICON_NAME = AppIcon;
				ASSETCATALOG_COMPILER_GLOBAL_ACCENT_COLOR_NAME = AccentColor;
				CODE_SIGN_STYLE = Automatic;
				CURRENT_PROJECT_VERSION = 1;
				DEVELOPMENT_ASSET_PATHS = "\"AppleMusicSwiftUI/Resources/Preview Content\"";
				DEVELOPMENT_TEAM = 34TG2Y4HBL;
				ENABLE_PREVIEWS = YES;
				GENERATE_INFOPLIST_FILE = YES;
				INFOPLIST_KEY_UIApplicationSceneManifest_Generation = YES;
				INFOPLIST_KEY_UIApplicationSupportsIndirectInputEvents = YES;
				INFOPLIST_KEY_UILaunchScreen_Generation = YES;
				INFOPLIST_KEY_UISupportedInterfaceOrientations_iPad = UIInterfaceOrientationPortrait;
				INFOPLIST_KEY_UISupportedInterfaceOrientations_iPhone = UIInterfaceOrientationPortrait;
				LD_RUNPATH_SEARCH_PATHS = (
					"$(inherited)",
					"@executable_path/Frameworks",
				);
				MARKETING_VERSION = 1.0;
				PRODUCT_BUNDLE_IDENTIFIER = com.my.AppleMusicSwiftUI;
				PRODUCT_NAME = "$(TARGET_NAME)";
				SWIFT_EMIT_LOC_STRINGS = YES;
				SWIFT_VERSION = 5.0;
				TARGETED_DEVICE_FAMILY = "1,2";
			};
			name = Debug;
		};
		047D0498280ED2C400891D4E /* Release */ = {
			isa = XCBuildConfiguration;
			buildSettings = {
				ASSETCATALOG_COMPILER_APPICON_NAME = AppIcon;
				ASSETCATALOG_COMPILER_GLOBAL_ACCENT_COLOR_NAME = AccentColor;
				CODE_SIGN_STYLE = Automatic;
				CURRENT_PROJECT_VERSION = 1;
				DEVELOPMENT_ASSET_PATHS = "\"AppleMusicSwiftUI/Resources/Preview Content\"";
				DEVELOPMENT_TEAM = 34TG2Y4HBL;
				ENABLE_PREVIEWS = YES;
				GENERATE_INFOPLIST_FILE = YES;
				INFOPLIST_KEY_UIApplicationSceneManifest_Generation = YES;
				INFOPLIST_KEY_UIApplicationSupportsIndirectInputEvents = YES;
				INFOPLIST_KEY_UILaunchScreen_Generation = YES;
				INFOPLIST_KEY_UISupportedInterfaceOrientations_iPad = UIInterfaceOrientationPortrait;
				INFOPLIST_KEY_UISupportedInterfaceOrientations_iPhone = UIInterfaceOrientationPortrait;
				LD_RUNPATH_SEARCH_PATHS = (
					"$(inherited)",
					"@executable_path/Frameworks",
				);
				MARKETING_VERSION = 1.0;
				PRODUCT_BUNDLE_IDENTIFIER = com.my.AppleMusicSwiftUI;
				PRODUCT_NAME = "$(TARGET_NAME)";
				SWIFT_EMIT_LOC_STRINGS = YES;
				SWIFT_VERSION = 5.0;
				TARGETED_DEVICE_FAMILY = "1,2";
			};
			name = Release;
		};
/* End XCBuildConfiguration section */

/* Begin XCConfigurationList section */
		047D0483280ED2C100891D4E /* Build configuration list for PBXProject "AppleMusicSwiftUI" */ = {
			isa = XCConfigurationList;
			buildConfigurations = (
				047D0494280ED2C400891D4E /* Debug */,
				047D0495280ED2C400891D4E /* Release */,
			);
			defaultConfigurationIsVisible = 0;
			defaultConfigurationName = Release;
		};
		047D0496280ED2C400891D4E /* Build configuration list for PBXNativeTarget "AppleMusicSwiftUI" */ = {
			isa = XCConfigurationList;
			buildConfigurations = (
				047D0497280ED2C400891D4E /* Debug */,
				047D0498280ED2C400891D4E /* Release */,
			);
			defaultConfigurationIsVisible = 0;
			defaultConfigurationName = Release;
		};
/* End XCConfigurationList section */
	};
	rootObject = 047D0480280ED2C100891D4E /* Project object */;
}
