// !$*UTF8*$!
{
	archiveVersion = 1;
	classes = {
	};
	objectVersion = 55;
	objects = {

/* Begin PBXBuildFile section */
		0410B5DC281D2ED400CAB7D6 /* FavoriteRadioStationModel.swift in Sources */ = {isa = PBXBuildFile; fileRef = 0410B5DB281D2ED400CAB7D6 /* FavoriteRadioStationModel.swift */; };
		0410B5DE281D347400CAB7D6 /* RadioStationModel.swift in Sources */ = {isa = PBXBuildFile; fileRef = 0410B5DD281D347400CAB7D6 /* RadioStationModel.swift */; };
		0416304B2835852000E88E14 /* CoverView.swift in Sources */ = {isa = PBXBuildFile; fileRef = 0416304A2835852000E88E14 /* CoverView.swift */; };
		0416304D283585E800E88E14 /* SongNameView.swift in Sources */ = {isa = PBXBuildFile; fileRef = 0416304C283585E800E88E14 /* SongNameView.swift */; };
		0416304F283586AB00E88E14 /* ProgressBarView.swift in Sources */ = {isa = PBXBuildFile; fileRef = 0416304E283586AB00E88E14 /* ProgressBarView.swift */; };
		041630512835870C00E88E14 /* SliderView.swift in Sources */ = {isa = PBXBuildFile; fileRef = 041630502835870C00E88E14 /* SliderView.swift */; };
		041630532835876000E88E14 /* AdditionalButtons.swift in Sources */ = {isa = PBXBuildFile; fileRef = 041630522835876000E88E14 /* AdditionalButtons.swift */; };
		041C92422823DC98001DE63A /* FavoriteRadioStationView.swift in Sources */ = {isa = PBXBuildFile; fileRef = 041C92412823DC98001DE63A /* FavoriteRadioStationView.swift */; };
		041C92442823DE95001DE63A /* RadioStationView.swift in Sources */ = {isa = PBXBuildFile; fileRef = 041C92432823DE95001DE63A /* RadioStationView.swift */; };
		044077CA282DB68300634139 /* Category.swift in Sources */ = {isa = PBXBuildFile; fileRef = 044077C9282DB68300634139 /* Category.swift */; };
		044077CC282DB77C00634139 /* LightPopCellTypes.swift in Sources */ = {isa = PBXBuildFile; fileRef = 044077CB282DB77C00634139 /* LightPopCellTypes.swift */; };
		044077D0282DC1BA00634139 /* ToolBarMenuButton.swift in Sources */ = {isa = PBXBuildFile; fileRef = 044077CF282DC1BA00634139 /* ToolBarMenuButton.swift */; };
		044077D2282DCB2800634139 /* SongMenuButton.swift in Sources */ = {isa = PBXBuildFile; fileRef = 044077D1282DCB2800634139 /* SongMenuButton.swift */; };
		044077D4282DF68E00634139 /* HitsModel.swift in Sources */ = {isa = PBXBuildFile; fileRef = 044077D3282DF68E00634139 /* HitsModel.swift */; };
		046D55452817F19400D05C91 /* RadioView.swift in Sources */ = {isa = PBXBuildFile; fileRef = 046D55442817F19400D05C91 /* RadioView.swift */; };
		046D55472817F25000D05C91 /* SearchView.swift in Sources */ = {isa = PBXBuildFile; fileRef = 046D55462817F25000D05C91 /* SearchView.swift */; };
		0470BAFC283195E40074643A /* ChillOutView.swift in Sources */ = {isa = PBXBuildFile; fileRef = 0470BAFB283195E40074643A /* ChillOutView.swift */; };
		0470BAFE283195ED0074643A /* ChillOutHeader.swift in Sources */ = {isa = PBXBuildFile; fileRef = 0470BAFD283195ED0074643A /* ChillOutHeader.swift */; };
		0470BB00283195F50074643A /* ChillOutCellTypes.swift in Sources */ = {isa = PBXBuildFile; fileRef = 0470BAFF283195F50074643A /* ChillOutCellTypes.swift */; };
		0470BB02283199950074643A /* SearchableView.swift in Sources */ = {isa = PBXBuildFile; fileRef = 0470BB01283199950074643A /* SearchableView.swift */; };
		0470BB042832F2570074643A /* Searchable.swift in Sources */ = {isa = PBXBuildFile; fileRef = 0470BB032832F2570074643A /* Searchable.swift */; };
		0470BB072833B37A0074643A /* PlayerBar.swift in Sources */ = {isa = PBXBuildFile; fileRef = 0470BB062833B37A0074643A /* PlayerBar.swift */; };
		0470BB092833B4190074643A /* PlayerView.swift in Sources */ = {isa = PBXBuildFile; fileRef = 0470BB082833B4190074643A /* PlayerView.swift */; };
		0470BB0C2833B62F0074643A /* UIImageAverageColor.swift in Sources */ = {isa = PBXBuildFile; fileRef = 0470BB0B2833B62F0074643A /* UIImageAverageColor.swift */; };
		0470BB0E2833B75A0074643A /* NextButton.swift in Sources */ = {isa = PBXBuildFile; fileRef = 0470BB0D2833B75A0074643A /* NextButton.swift */; };
		0470BB112833B7B40074643A /* PlayButton.swift in Sources */ = {isa = PBXBuildFile; fileRef = 0470BB102833B7B40074643A /* PlayButton.swift */; };
		0470BB132833B7C20074643A /* NextButtonReverse.swift in Sources */ = {isa = PBXBuildFile; fileRef = 0470BB122833B7C20074643A /* NextButtonReverse.swift */; };
		0470BB152833B83A0074643A /* PlayerAttributes.swift in Sources */ = {isa = PBXBuildFile; fileRef = 0470BB142833B83A0074643A /* PlayerAttributes.swift */; };
		0470BB1B283576180074643A /* MarqueeText in Frameworks */ = {isa = PBXBuildFile; productRef = 0470BB1A283576180074643A /* MarqueeText */; };
		0471E3BD283065EE00029915 /* PopMusicView.swift in Sources */ = {isa = PBXBuildFile; fileRef = 0471E3BC283065EE00029915 /* PopMusicView.swift */; };
		0471E3BF283065FB00029915 /* PopMusicHeader.swift in Sources */ = {isa = PBXBuildFile; fileRef = 0471E3BE283065FB00029915 /* PopMusicHeader.swift */; };
		0471E3C12830660600029915 /* PopMusicCellTypes.swift in Sources */ = {isa = PBXBuildFile; fileRef = 0471E3C02830660600029915 /* PopMusicCellTypes.swift */; };
		0471E3C328311F1900029915 /* RockClassicModel.swift in Sources */ = {isa = PBXBuildFile; fileRef = 0471E3C228311F1900029915 /* RockClassicModel.swift */; };
		0471E3C628314B1900029915 /* RockClassicView.swift in Sources */ = {isa = PBXBuildFile; fileRef = 0471E3C528314B1800029915 /* RockClassicView.swift */; };
		0471E3C828314B2300029915 /* RockClassicHeader.swift in Sources */ = {isa = PBXBuildFile; fileRef = 0471E3C728314B2300029915 /* RockClassicHeader.swift */; };
		0471E3CA28314B2D00029915 /* RockClassicCellTypes.swift in Sources */ = {isa = PBXBuildFile; fileRef = 0471E3C928314B2D00029915 /* RockClassicCellTypes.swift */; };
		0471E3CC28314FAC00029915 /* SmoothJazzModel.swift in Sources */ = {isa = PBXBuildFile; fileRef = 0471E3CB28314FAC00029915 /* SmoothJazzModel.swift */; };
		0471E3CF28318C0600029915 /* SmoothJazzView.swift in Sources */ = {isa = PBXBuildFile; fileRef = 0471E3CE28318C0600029915 /* SmoothJazzView.swift */; };
		0471E3D128318C1100029915 /* SmoothJazzHeader.swift in Sources */ = {isa = PBXBuildFile; fileRef = 0471E3D028318C1100029915 /* SmoothJazzHeader.swift */; };
		0471E3D328318C2300029915 /* SmoothJazzCellTypes.swift in Sources */ = {isa = PBXBuildFile; fileRef = 0471E3D228318C2300029915 /* SmoothJazzCellTypes.swift */; };
		0471E3D52831905600029915 /* ChillOutModel.swift in Sources */ = {isa = PBXBuildFile; fileRef = 0471E3D42831905600029915 /* ChillOutModel.swift */; };
		047BF65928122C6800F722A9 /* Constants.swift in Sources */ = {isa = PBXBuildFile; fileRef = 047BF65828122C6800F722A9 /* Constants.swift */; };
		047D048C280ED2C100891D4E /* AppleMusicSwiftUIApp.swift in Sources */ = {isa = PBXBuildFile; fileRef = 047D048B280ED2C100891D4E /* AppleMusicSwiftUIApp.swift */; };
		047D048E280ED2C100891D4E /* TabViewContent.swift in Sources */ = {isa = PBXBuildFile; fileRef = 047D048D280ED2C100891D4E /* TabViewContent.swift */; };
		047D0490280ED2C400891D4E /* Assets.xcassets in Resources */ = {isa = PBXBuildFile; fileRef = 047D048F280ED2C400891D4E /* Assets.xcassets */; };
		047D0493280ED2C400891D4E /* Preview Assets.xcassets in Resources */ = {isa = PBXBuildFile; fileRef = 047D0492280ED2C400891D4E /* Preview Assets.xcassets */; };
		047D04A1280FFF8F00891D4E /* SongModel.swift in Sources */ = {isa = PBXBuildFile; fileRef = 047D04A0280FFF8E00891D4E /* SongModel.swift */; };
		047D04A32810167D00891D4E /* MediaLibraryView.swift in Sources */ = {isa = PBXBuildFile; fileRef = 047D04A22810167D00891D4E /* MediaLibraryView.swift */; };
		047D04A72810244100891D4E /* OptionLibraryModel.swift in Sources */ = {isa = PBXBuildFile; fileRef = 047D04A62810244100891D4E /* OptionLibraryModel.swift */; };
		047D04A9281027F500891D4E /* OptionLibraryView.swift in Sources */ = {isa = PBXBuildFile; fileRef = 047D04A8281027F500891D4E /* OptionLibraryView.swift */; };
		047D04AB28103DE900891D4E /* LibraryView.swift in Sources */ = {isa = PBXBuildFile; fileRef = 047D04AA28103DE900891D4E /* LibraryView.swift */; };
		0481D378282FA3EA009682E9 /* HitsView.swift in Sources */ = {isa = PBXBuildFile; fileRef = 0481D377282FA3EA009682E9 /* HitsView.swift */; };
		0481D37A282FA3F7009682E9 /* HitsHeader.swift in Sources */ = {isa = PBXBuildFile; fileRef = 0481D379282FA3F7009682E9 /* HitsHeader.swift */; };
		0481D37C282FA40B009682E9 /* HitsCellTypes.swift in Sources */ = {isa = PBXBuildFile; fileRef = 0481D37B282FA40B009682E9 /* HitsCellTypes.swift */; };
		0481D385282FEEDE009682E9 /* HipHopModel.swift in Sources */ = {isa = PBXBuildFile; fileRef = 0481D384282FEEDE009682E9 /* HipHopModel.swift */; };
		0481D388282FFE75009682E9 /* HipHopView.swift in Sources */ = {isa = PBXBuildFile; fileRef = 0481D387282FFE75009682E9 /* HipHopView.swift */; };
		0481D38A282FFE7F009682E9 /* HipHopHeader.swift in Sources */ = {isa = PBXBuildFile; fileRef = 0481D389282FFE7F009682E9 /* HipHopHeader.swift */; };
		0481D38C282FFE8D009682E9 /* HipHopCellTypes.swift in Sources */ = {isa = PBXBuildFile; fileRef = 0481D38B282FFE8D009682E9 /* HipHopCellTypes.swift */; };
		0481D39028305AD7009682E9 /* PopMusicModel.swift in Sources */ = {isa = PBXBuildFile; fileRef = 0481D38F28305AD7009682E9 /* PopMusicModel.swift */; };
		04DD5AF428297D1700828C43 /* CategoryView.swift in Sources */ = {isa = PBXBuildFile; fileRef = 04DD5AF328297D1700828C43 /* CategoryView.swift */; };
		04DD5B19282C0C3400828C43 /* LightPopModel.swift in Sources */ = {isa = PBXBuildFile; fileRef = 04DD5B18282C0C3400828C43 /* LightPopModel.swift */; };
		04DD5B1B282C63D000828C43 /* LightPopView.swift in Sources */ = {isa = PBXBuildFile; fileRef = 04DD5B1A282C63D000828C43 /* LightPopView.swift */; };
		04DD5B1E282CA8D900828C43 /* LightPopHeader.swift in Sources */ = {isa = PBXBuildFile; fileRef = 04DD5B1D282CA8D900828C43 /* LightPopHeader.swift */; };
		04DD5B20282CA9E100828C43 /* CategoryCellTypes.swift in Sources */ = {isa = PBXBuildFile; fileRef = 04DD5B1F282CA9E100828C43 /* CategoryCellTypes.swift */; };
/* End PBXBuildFile section */

/* Begin PBXFileReference section */
		0410B5DB281D2ED400CAB7D6 /* FavoriteRadioStationModel.swift */ = {isa = PBXFileReference; lastKnownFileType = sourcecode.swift; path = FavoriteRadioStationModel.swift; sourceTree = "<group>"; };
		0410B5DD281D347400CAB7D6 /* RadioStationModel.swift */ = {isa = PBXFileReference; lastKnownFileType = sourcecode.swift; path = RadioStationModel.swift; sourceTree = "<group>"; };
		0416304A2835852000E88E14 /* CoverView.swift */ = {isa = PBXFileReference; lastKnownFileType = sourcecode.swift; path = CoverView.swift; sourceTree = "<group>"; };
		0416304C283585E800E88E14 /* SongNameView.swift */ = {isa = PBXFileReference; lastKnownFileType = sourcecode.swift; path = SongNameView.swift; sourceTree = "<group>"; };
		0416304E283586AB00E88E14 /* ProgressBarView.swift */ = {isa = PBXFileReference; lastKnownFileType = sourcecode.swift; path = ProgressBarView.swift; sourceTree = "<group>"; };
		041630502835870C00E88E14 /* SliderView.swift */ = {isa = PBXFileReference; lastKnownFileType = sourcecode.swift; path = SliderView.swift; sourceTree = "<group>"; };
		041630522835876000E88E14 /* AdditionalButtons.swift */ = {isa = PBXFileReference; lastKnownFileType = sourcecode.swift; path = AdditionalButtons.swift; sourceTree = "<group>"; };
		041C92412823DC98001DE63A /* FavoriteRadioStationView.swift */ = {isa = PBXFileReference; lastKnownFileType = sourcecode.swift; path = FavoriteRadioStationView.swift; sourceTree = "<group>"; };
		041C92432823DE95001DE63A /* RadioStationView.swift */ = {isa = PBXFileReference; lastKnownFileType = sourcecode.swift; path = RadioStationView.swift; sourceTree = "<group>"; };
		044077C9282DB68300634139 /* Category.swift */ = {isa = PBXFileReference; lastKnownFileType = sourcecode.swift; path = Category.swift; sourceTree = "<group>"; };
		044077CB282DB77C00634139 /* LightPopCellTypes.swift */ = {isa = PBXFileReference; lastKnownFileType = sourcecode.swift; path = LightPopCellTypes.swift; sourceTree = "<group>"; };
		044077CF282DC1BA00634139 /* ToolBarMenuButton.swift */ = {isa = PBXFileReference; lastKnownFileType = sourcecode.swift; path = ToolBarMenuButton.swift; sourceTree = "<group>"; };
		044077D1282DCB2800634139 /* SongMenuButton.swift */ = {isa = PBXFileReference; lastKnownFileType = sourcecode.swift; path = SongMenuButton.swift; sourceTree = "<group>"; };
		044077D3282DF68E00634139 /* HitsModel.swift */ = {isa = PBXFileReference; lastKnownFileType = sourcecode.swift; path = HitsModel.swift; sourceTree = "<group>"; };
		046D55442817F19400D05C91 /* RadioView.swift */ = {isa = PBXFileReference; lastKnownFileType = sourcecode.swift; path = RadioView.swift; sourceTree = "<group>"; };
		046D55462817F25000D05C91 /* SearchView.swift */ = {isa = PBXFileReference; lastKnownFileType = sourcecode.swift; path = SearchView.swift; sourceTree = "<group>"; };
		0470BAFB283195E40074643A /* ChillOutView.swift */ = {isa = PBXFileReference; lastKnownFileType = sourcecode.swift; path = ChillOutView.swift; sourceTree = "<group>"; };
		0470BAFD283195ED0074643A /* ChillOutHeader.swift */ = {isa = PBXFileReference; lastKnownFileType = sourcecode.swift; path = ChillOutHeader.swift; sourceTree = "<group>"; };
		0470BAFF283195F50074643A /* ChillOutCellTypes.swift */ = {isa = PBXFileReference; lastKnownFileType = sourcecode.swift; path = ChillOutCellTypes.swift; sourceTree = "<group>"; };
		0470BB01283199950074643A /* SearchableView.swift */ = {isa = PBXFileReference; lastKnownFileType = sourcecode.swift; path = SearchableView.swift; sourceTree = "<group>"; };
		0470BB032832F2570074643A /* Searchable.swift */ = {isa = PBXFileReference; lastKnownFileType = sourcecode.swift; path = Searchable.swift; sourceTree = "<group>"; };
		0470BB062833B37A0074643A /* PlayerBar.swift */ = {isa = PBXFileReference; lastKnownFileType = sourcecode.swift; path = PlayerBar.swift; sourceTree = "<group>"; };
		0470BB082833B4190074643A /* PlayerView.swift */ = {isa = PBXFileReference; lastKnownFileType = sourcecode.swift; path = PlayerView.swift; sourceTree = "<group>"; };
		0470BB0B2833B62F0074643A /* UIImageAverageColor.swift */ = {isa = PBXFileReference; lastKnownFileType = sourcecode.swift; path = UIImageAverageColor.swift; sourceTree = "<group>"; };
		0470BB0D2833B75A0074643A /* NextButton.swift */ = {isa = PBXFileReference; lastKnownFileType = sourcecode.swift; path = NextButton.swift; sourceTree = "<group>"; };
		0470BB102833B7B40074643A /* PlayButton.swift */ = {isa = PBXFileReference; lastKnownFileType = sourcecode.swift; path = PlayButton.swift; sourceTree = "<group>"; };
		0470BB122833B7C20074643A /* NextButtonReverse.swift */ = {isa = PBXFileReference; lastKnownFileType = sourcecode.swift; path = NextButtonReverse.swift; sourceTree = "<group>"; };
		0470BB142833B83A0074643A /* PlayerAttributes.swift */ = {isa = PBXFileReference; lastKnownFileType = sourcecode.swift; path = PlayerAttributes.swift; sourceTree = "<group>"; };
		0471E3BC283065EE00029915 /* PopMusicView.swift */ = {isa = PBXFileReference; lastKnownFileType = sourcecode.swift; path = PopMusicView.swift; sourceTree = "<group>"; };
		0471E3BE283065FB00029915 /* PopMusicHeader.swift */ = {isa = PBXFileReference; lastKnownFileType = sourcecode.swift; path = PopMusicHeader.swift; sourceTree = "<group>"; };
		0471E3C02830660600029915 /* PopMusicCellTypes.swift */ = {isa = PBXFileReference; lastKnownFileType = sourcecode.swift; path = PopMusicCellTypes.swift; sourceTree = "<group>"; };
		0471E3C228311F1900029915 /* RockClassicModel.swift */ = {isa = PBXFileReference; lastKnownFileType = sourcecode.swift; path = RockClassicModel.swift; sourceTree = "<group>"; };
		0471E3C528314B1800029915 /* RockClassicView.swift */ = {isa = PBXFileReference; lastKnownFileType = sourcecode.swift; path = RockClassicView.swift; sourceTree = "<group>"; };
		0471E3C728314B2300029915 /* RockClassicHeader.swift */ = {isa = PBXFileReference; lastKnownFileType = sourcecode.swift; path = RockClassicHeader.swift; sourceTree = "<group>"; };
		0471E3C928314B2D00029915 /* RockClassicCellTypes.swift */ = {isa = PBXFileReference; lastKnownFileType = sourcecode.swift; path = RockClassicCellTypes.swift; sourceTree = "<group>"; };
		0471E3CB28314FAC00029915 /* SmoothJazzModel.swift */ = {isa = PBXFileReference; lastKnownFileType = sourcecode.swift; path = SmoothJazzModel.swift; sourceTree = "<group>"; };
		0471E3CE28318C0600029915 /* SmoothJazzView.swift */ = {isa = PBXFileReference; lastKnownFileType = sourcecode.swift; path = SmoothJazzView.swift; sourceTree = "<group>"; };
		0471E3D028318C1100029915 /* SmoothJazzHeader.swift */ = {isa = PBXFileReference; lastKnownFileType = sourcecode.swift; path = SmoothJazzHeader.swift; sourceTree = "<group>"; };
		0471E3D228318C2300029915 /* SmoothJazzCellTypes.swift */ = {isa = PBXFileReference; lastKnownFileType = sourcecode.swift; path = SmoothJazzCellTypes.swift; sourceTree = "<group>"; };
		0471E3D42831905600029915 /* ChillOutModel.swift */ = {isa = PBXFileReference; lastKnownFileType = sourcecode.swift; path = ChillOutModel.swift; sourceTree = "<group>"; };
		047BF65828122C6800F722A9 /* Constants.swift */ = {isa = PBXFileReference; lastKnownFileType = sourcecode.swift; path = Constants.swift; sourceTree = "<group>"; };
		047D0488280ED2C100891D4E /* AppleMusicSwiftUI.app */ = {isa = PBXFileReference; explicitFileType = wrapper.application; includeInIndex = 0; path = AppleMusicSwiftUI.app; sourceTree = BUILT_PRODUCTS_DIR; };
		047D048B280ED2C100891D4E /* AppleMusicSwiftUIApp.swift */ = {isa = PBXFileReference; lastKnownFileType = sourcecode.swift; path = AppleMusicSwiftUIApp.swift; sourceTree = "<group>"; };
		047D048D280ED2C100891D4E /* TabViewContent.swift */ = {isa = PBXFileReference; lastKnownFileType = sourcecode.swift; path = TabViewContent.swift; sourceTree = "<group>"; };
		047D048F280ED2C400891D4E /* Assets.xcassets */ = {isa = PBXFileReference; lastKnownFileType = folder.assetcatalog; path = Assets.xcassets; sourceTree = "<group>"; };
		047D0492280ED2C400891D4E /* Preview Assets.xcassets */ = {isa = PBXFileReference; lastKnownFileType = folder.assetcatalog; path = "Preview Assets.xcassets"; sourceTree = "<group>"; };
		047D04A0280FFF8E00891D4E /* SongModel.swift */ = {isa = PBXFileReference; lastKnownFileType = sourcecode.swift; path = SongModel.swift; sourceTree = "<group>"; };
		047D04A22810167D00891D4E /* MediaLibraryView.swift */ = {isa = PBXFileReference; lastKnownFileType = sourcecode.swift; path = MediaLibraryView.swift; sourceTree = "<group>"; };
		047D04A62810244100891D4E /* OptionLibraryModel.swift */ = {isa = PBXFileReference; lastKnownFileType = sourcecode.swift; path = OptionLibraryModel.swift; sourceTree = "<group>"; };
		047D04A8281027F500891D4E /* OptionLibraryView.swift */ = {isa = PBXFileReference; lastKnownFileType = sourcecode.swift; path = OptionLibraryView.swift; sourceTree = "<group>"; };
		047D04AA28103DE900891D4E /* LibraryView.swift */ = {isa = PBXFileReference; lastKnownFileType = sourcecode.swift; path = LibraryView.swift; sourceTree = "<group>"; };
		0481D377282FA3EA009682E9 /* HitsView.swift */ = {isa = PBXFileReference; lastKnownFileType = sourcecode.swift; path = HitsView.swift; sourceTree = "<group>"; };
		0481D379282FA3F7009682E9 /* HitsHeader.swift */ = {isa = PBXFileReference; lastKnownFileType = sourcecode.swift; path = HitsHeader.swift; sourceTree = "<group>"; };
		0481D37B282FA40B009682E9 /* HitsCellTypes.swift */ = {isa = PBXFileReference; lastKnownFileType = sourcecode.swift; path = HitsCellTypes.swift; sourceTree = "<group>"; };
		0481D384282FEEDE009682E9 /* HipHopModel.swift */ = {isa = PBXFileReference; lastKnownFileType = sourcecode.swift; path = HipHopModel.swift; sourceTree = "<group>"; };
		0481D387282FFE75009682E9 /* HipHopView.swift */ = {isa = PBXFileReference; lastKnownFileType = sourcecode.swift; path = HipHopView.swift; sourceTree = "<group>"; };
		0481D389282FFE7F009682E9 /* HipHopHeader.swift */ = {isa = PBXFileReference; lastKnownFileType = sourcecode.swift; path = HipHopHeader.swift; sourceTree = "<group>"; };
		0481D38B282FFE8D009682E9 /* HipHopCellTypes.swift */ = {isa = PBXFileReference; lastKnownFileType = sourcecode.swift; path = HipHopCellTypes.swift; sourceTree = "<group>"; };
		0481D38F28305AD7009682E9 /* PopMusicModel.swift */ = {isa = PBXFileReference; lastKnownFileType = sourcecode.swift; path = PopMusicModel.swift; sourceTree = "<group>"; };
		04DD5AF328297D1700828C43 /* CategoryView.swift */ = {isa = PBXFileReference; lastKnownFileType = sourcecode.swift; path = CategoryView.swift; sourceTree = "<group>"; };
		04DD5B18282C0C3400828C43 /* LightPopModel.swift */ = {isa = PBXFileReference; lastKnownFileType = sourcecode.swift; path = LightPopModel.swift; sourceTree = "<group>"; };
		04DD5B1A282C63D000828C43 /* LightPopView.swift */ = {isa = PBXFileReference; lastKnownFileType = sourcecode.swift; path = LightPopView.swift; sourceTree = "<group>"; };
		04DD5B1D282CA8D900828C43 /* LightPopHeader.swift */ = {isa = PBXFileReference; lastKnownFileType = sourcecode.swift; path = LightPopHeader.swift; sourceTree = "<group>"; };
		04DD5B1F282CA9E100828C43 /* CategoryCellTypes.swift */ = {isa = PBXFileReference; lastKnownFileType = sourcecode.swift; path = CategoryCellTypes.swift; sourceTree = "<group>"; };
/* End PBXFileReference section */

/* Begin PBXFrameworksBuildPhase section */
		047D0485280ED2C100891D4E /* Frameworks */ = {
			isa = PBXFrameworksBuildPhase;
			buildActionMask = 2147483647;
			files = (
				0470BB1B283576180074643A /* MarqueeText in Frameworks */,
			);
			runOnlyForDeploymentPostprocessing = 0;
		};
/* End PBXFrameworksBuildPhase section */

/* Begin PBXGroup section */
		0410B5DF281D5A8500CAB7D6 /* RadioViewModels */ = {
			isa = PBXGroup;
			children = (
				0410B5DD281D347400CAB7D6 /* RadioStationModel.swift */,
				0410B5DB281D2ED400CAB7D6 /* FavoriteRadioStationModel.swift */,
			);
			path = RadioViewModels;
			sourceTree = "<group>";
		};
		04163049283583D100E88E14 /* PlayerViewSections */ = {
			isa = PBXGroup;
			children = (
				0416304A2835852000E88E14 /* CoverView.swift */,
				0416304C283585E800E88E14 /* SongNameView.swift */,
				0416304E283586AB00E88E14 /* ProgressBarView.swift */,
				041630502835870C00E88E14 /* SliderView.swift */,
				041630522835876000E88E14 /* AdditionalButtons.swift */,
			);
			path = PlayerViewSections;
			sourceTree = "<group>";
		};
		041C923F2823DB7E001DE63A /* RadioView */ = {
			isa = PBXGroup;
			children = (
				046D55442817F19400D05C91 /* RadioView.swift */,
				041C92412823DC98001DE63A /* FavoriteRadioStationView.swift */,
				041C92432823DE95001DE63A /* RadioStationView.swift */,
			);
			path = RadioView;
			sourceTree = "<group>";
		};
		041C92402823DBC1001DE63A /* LibraryViewModels */ = {
			isa = PBXGroup;
			children = (
				047D04A62810244100891D4E /* OptionLibraryModel.swift */,
			);
			path = LibraryViewModels;
			sourceTree = "<group>";
		};
		041C924528240E7D001DE63A /* PlayerView */ = {
			isa = PBXGroup;
			children = (
				04163049283583D100E88E14 /* PlayerViewSections */,
				0470BB0F2833B7810074643A /* PlayerButtons */,
				0470BB062833B37A0074643A /* PlayerBar.swift */,
				0470BB082833B4190074643A /* PlayerView.swift */,
			);
			path = PlayerView;
			sourceTree = "<group>";
		};
		041C924628240EA2001DE63A /* SearchView */ = {
			isa = PBXGroup;
			children = (
				046D55462817F25000D05C91 /* SearchView.swift */,
				0470BB052832F2740074643A /* SearchableView */,
				044077CD282DB7C700634139 /* CategoryView */,
			);
			path = SearchView;
			sourceTree = "<group>";
		};
		041C924728240F11001DE63A /* PlayerViewModels */ = {
			isa = PBXGroup;
			children = (
				047D04A0280FFF8E00891D4E /* SongModel.swift */,
				0470BB142833B83A0074643A /* PlayerAttributes.swift */,
			);
			path = PlayerViewModels;
			sourceTree = "<group>";
		};
		044077CD282DB7C700634139 /* CategoryView */ = {
			isa = PBXGroup;
			children = (
				04DD5AF328297D1700828C43 /* CategoryView.swift */,
				04DD5B1F282CA9E100828C43 /* CategoryCellTypes.swift */,
				044077CF282DC1BA00634139 /* ToolBarMenuButton.swift */,
				04DD5B1C282CA7EE00828C43 /* LightPopView */,
				0481D376282FA3A7009682E9 /* HitsView */,
				0481D386282FFE45009682E9 /* HipHopView */,
				0471E3BB283065BE00029915 /* PopMusicView */,
				0471E3C428314AFB00029915 /* RockClassicView */,
				0471E3CD28318BCA00029915 /* SmoothJazzView */,
				0470BAFA283195A80074643A /* ChillOutView */,
			);
			path = CategoryView;
			sourceTree = "<group>";
		};
		044077CE282DBD0400634139 /* Categories */ = {
			isa = PBXGroup;
			children = (
				044077C9282DB68300634139 /* Category.swift */,
				04DD5B18282C0C3400828C43 /* LightPopModel.swift */,
				044077D3282DF68E00634139 /* HitsModel.swift */,
				0481D384282FEEDE009682E9 /* HipHopModel.swift */,
				0481D38F28305AD7009682E9 /* PopMusicModel.swift */,
				0471E3C228311F1900029915 /* RockClassicModel.swift */,
				0471E3CB28314FAC00029915 /* SmoothJazzModel.swift */,
				0471E3D42831905600029915 /* ChillOutModel.swift */,
			);
			path = Categories;
			sourceTree = "<group>";
		};
		0470BAFA283195A80074643A /* ChillOutView */ = {
			isa = PBXGroup;
			children = (
				0470BAFB283195E40074643A /* ChillOutView.swift */,
				0470BAFD283195ED0074643A /* ChillOutHeader.swift */,
				0470BAFF283195F50074643A /* ChillOutCellTypes.swift */,
			);
			path = ChillOutView;
			sourceTree = "<group>";
		};
		0470BB052832F2740074643A /* SearchableView */ = {
			isa = PBXGroup;
			children = (
				0470BB032832F2570074643A /* Searchable.swift */,
				0470BB01283199950074643A /* SearchableView.swift */,
			);
			path = SearchableView;
			sourceTree = "<group>";
		};
		0470BB0A2833B5DF0074643A /* Extensions */ = {
			isa = PBXGroup;
			children = (
				0470BB0B2833B62F0074643A /* UIImageAverageColor.swift */,
			);
			path = Extensions;
			sourceTree = "<group>";
		};
		0470BB0F2833B7810074643A /* PlayerButtons */ = {
			isa = PBXGroup;
			children = (
				044077D1282DCB2800634139 /* SongMenuButton.swift */,
				0470BB0D2833B75A0074643A /* NextButton.swift */,
				0470BB102833B7B40074643A /* PlayButton.swift */,
				0470BB122833B7C20074643A /* NextButtonReverse.swift */,
			);
			path = PlayerButtons;
			sourceTree = "<group>";
		};
		0471E3BB283065BE00029915 /* PopMusicView */ = {
			isa = PBXGroup;
			children = (
				0471E3BC283065EE00029915 /* PopMusicView.swift */,
				0471E3BE283065FB00029915 /* PopMusicHeader.swift */,
				0471E3C02830660600029915 /* PopMusicCellTypes.swift */,
			);
			path = PopMusicView;
			sourceTree = "<group>";
		};
		0471E3C428314AFB00029915 /* RockClassicView */ = {
			isa = PBXGroup;
			children = (
				0471E3C528314B1800029915 /* RockClassicView.swift */,
				0471E3C728314B2300029915 /* RockClassicHeader.swift */,
				0471E3C928314B2D00029915 /* RockClassicCellTypes.swift */,
			);
			path = RockClassicView;
			sourceTree = "<group>";
		};
		0471E3CD28318BCA00029915 /* SmoothJazzView */ = {
			isa = PBXGroup;
			children = (
				0471E3CE28318C0600029915 /* SmoothJazzView.swift */,
				0471E3D028318C1100029915 /* SmoothJazzHeader.swift */,
				0471E3D228318C2300029915 /* SmoothJazzCellTypes.swift */,
			);
			path = SmoothJazzView;
			sourceTree = "<group>";
		};
		047BF65728122B9F00F722A9 /* LibraryView */ = {
			isa = PBXGroup;
			children = (
				047D04AA28103DE900891D4E /* LibraryView.swift */,
				047D04A22810167D00891D4E /* MediaLibraryView.swift */,
				047D04A8281027F500891D4E /* OptionLibraryView.swift */,
			);
			path = LibraryView;
			sourceTree = "<group>";
		};
		047D047F280ED2C100891D4E = {
			isa = PBXGroup;
			children = (
				047D048A280ED2C100891D4E /* AppleMusicSwiftUI */,
				047D0489280ED2C100891D4E /* Products */,
			);
			sourceTree = "<group>";
		};
		047D0489280ED2C100891D4E /* Products */ = {
			isa = PBXGroup;
			children = (
				047D0488280ED2C100891D4E /* AppleMusicSwiftUI.app */,
			);
			name = Products;
			sourceTree = "<group>";
		};
		047D048A280ED2C100891D4E /* AppleMusicSwiftUI */ = {
			isa = PBXGroup;
			children = (
				047D0499280ED52B00891D4E /* Sources */,
				047D049D280EE6E300891D4E /* Resources */,
			);
			path = AppleMusicSwiftUI;
			sourceTree = "<group>";
		};
		047D0491280ED2C400891D4E /* Preview Content */ = {
			isa = PBXGroup;
			children = (
				047D0492280ED2C400891D4E /* Preview Assets.xcassets */,
			);
			path = "Preview Content";
			sourceTree = "<group>";
		};
		047D0499280ED52B00891D4E /* Sources */ = {
			isa = PBXGroup;
			children = (
				0470BB0A2833B5DF0074643A /* Extensions */,
				047D049A280ED53300891D4E /* App */,
				047D049B280ED53E00891D4E /* View */,
				047D049C280ED55100891D4E /* Model */,
			);
			path = Sources;
			sourceTree = "<group>";
		};
		047D049A280ED53300891D4E /* App */ = {
			isa = PBXGroup;
			children = (
				047D048B280ED2C100891D4E /* AppleMusicSwiftUIApp.swift */,
			);
			path = App;
			sourceTree = "<group>";
		};
		047D049B280ED53E00891D4E /* View */ = {
			isa = PBXGroup;
			children = (
				047D048D280ED2C100891D4E /* TabViewContent.swift */,
				041C924528240E7D001DE63A /* PlayerView */,
				047BF65728122B9F00F722A9 /* LibraryView */,
				041C923F2823DB7E001DE63A /* RadioView */,
				041C924628240EA2001DE63A /* SearchView */,
			);
			path = View;
			sourceTree = "<group>";
		};
		047D049C280ED55100891D4E /* Model */ = {
			isa = PBXGroup;
			children = (
				04DD5B17282C0C1500828C43 /* SearchViewModels */,
				041C92402823DBC1001DE63A /* LibraryViewModels */,
				0410B5DF281D5A8500CAB7D6 /* RadioViewModels */,
				041C924728240F11001DE63A /* PlayerViewModels */,
				047BF65828122C6800F722A9 /* Constants.swift */,
			);
			path = Model;
			sourceTree = "<group>";
		};
		047D049D280EE6E300891D4E /* Resources */ = {
			isa = PBXGroup;
			children = (
				047D0491280ED2C400891D4E /* Preview Content */,
				047D048F280ED2C400891D4E /* Assets.xcassets */,
			);
			path = Resources;
			sourceTree = "<group>";
		};
		0481D376282FA3A7009682E9 /* HitsView */ = {
			isa = PBXGroup;
			children = (
				0481D377282FA3EA009682E9 /* HitsView.swift */,
				0481D379282FA3F7009682E9 /* HitsHeader.swift */,
				0481D37B282FA40B009682E9 /* HitsCellTypes.swift */,
			);
			path = HitsView;
			sourceTree = "<group>";
		};
		0481D386282FFE45009682E9 /* HipHopView */ = {
			isa = PBXGroup;
			children = (
				0481D387282FFE75009682E9 /* HipHopView.swift */,
				0481D389282FFE7F009682E9 /* HipHopHeader.swift */,
				0481D38B282FFE8D009682E9 /* HipHopCellTypes.swift */,
			);
			path = HipHopView;
			sourceTree = "<group>";
		};
		04DD5B17282C0C1500828C43 /* SearchViewModels */ = {
			isa = PBXGroup;
			children = (
				044077CE282DBD0400634139 /* Categories */,
			);
			path = SearchViewModels;
			sourceTree = "<group>";
		};
		04DD5B1C282CA7EE00828C43 /* LightPopView */ = {
			isa = PBXGroup;
			children = (
				04DD5B1A282C63D000828C43 /* LightPopView.swift */,
				04DD5B1D282CA8D900828C43 /* LightPopHeader.swift */,
				044077CB282DB77C00634139 /* LightPopCellTypes.swift */,
			);
			path = LightPopView;
			sourceTree = "<group>";
		};
/* End PBXGroup section */

/* Begin PBXNativeTarget section */
		047D0487280ED2C100891D4E /* AppleMusicSwiftUI */ = {
			isa = PBXNativeTarget;
			buildConfigurationList = 047D0496280ED2C400891D4E /* Build configuration list for PBXNativeTarget "AppleMusicSwiftUI" */;
			buildPhases = (
				047D0484280ED2C100891D4E /* Sources */,
				047D0485280ED2C100891D4E /* Frameworks */,
				047D0486280ED2C100891D4E /* Resources */,
			);
			buildRules = (
			);
			dependencies = (
			);
			name = AppleMusicSwiftUI;
			packageProductDependencies = (
				0470BB1A283576180074643A /* MarqueeText */,
			);
			productName = AppleMusicSwiftUI;
			productReference = 047D0488280ED2C100891D4E /* AppleMusicSwiftUI.app */;
			productType = "com.apple.product-type.application";
		};
/* End PBXNativeTarget section */

/* Begin PBXProject section */
		047D0480280ED2C100891D4E /* Project object */ = {
			isa = PBXProject;
			attributes = {
				BuildIndependentTargetsInParallel = 1;
				LastSwiftUpdateCheck = 1330;
				LastUpgradeCheck = 1330;
				TargetAttributes = {
					047D0487280ED2C100891D4E = {
						CreatedOnToolsVersion = 13.3.1;
					};
				};
			};
			buildConfigurationList = 047D0483280ED2C100891D4E /* Build configuration list for PBXProject "AppleMusicSwiftUI" */;
			compatibilityVersion = "Xcode 13.0";
			developmentRegion = en;
			hasScannedForEncodings = 0;
			knownRegions = (
				en,
				Base,
			);
			mainGroup = 047D047F280ED2C100891D4E;
			packageReferences = (
				0470BB19283576170074643A /* XCRemoteSwiftPackageReference "MarqueeText" */,
			);
			productRefGroup = 047D0489280ED2C100891D4E /* Products */;
			projectDirPath = "";
			projectRoot = "";
			targets = (
				047D0487280ED2C100891D4E /* AppleMusicSwiftUI */,
			);
		};
/* End PBXProject section */

/* Begin PBXResourcesBuildPhase section */
		047D0486280ED2C100891D4E /* Resources */ = {
			isa = PBXResourcesBuildPhase;
			buildActionMask = 2147483647;
			files = (
				047D0493280ED2C400891D4E /* Preview Assets.xcassets in Resources */,
				047D0490280ED2C400891D4E /* Assets.xcassets in Resources */,
			);
			runOnlyForDeploymentPostprocessing = 0;
		};
/* End PBXResourcesBuildPhase section */

/* Begin PBXSourcesBuildPhase section */
		047D0484280ED2C100891D4E /* Sources */ = {
			isa = PBXSourcesBuildPhase;
			buildActionMask = 2147483647;
			files = (
				0470BAFC283195E40074643A /* ChillOutView.swift in Sources */,
				044077D4282DF68E00634139 /* HitsModel.swift in Sources */,
				04DD5B1E282CA8D900828C43 /* LightPopHeader.swift in Sources */,
				0471E3BF283065FB00029915 /* PopMusicHeader.swift in Sources */,
				0471E3CA28314B2D00029915 /* RockClassicCellTypes.swift in Sources */,
				0481D38A282FFE7F009682E9 /* HipHopHeader.swift in Sources */,
				0471E3BD283065EE00029915 /* PopMusicView.swift in Sources */,
				0470BB02283199950074643A /* SearchableView.swift in Sources */,
				0481D378282FA3EA009682E9 /* HitsView.swift in Sources */,
				041630512835870C00E88E14 /* SliderView.swift in Sources */,
				0470BB042832F2570074643A /* Searchable.swift in Sources */,
				0471E3C628314B1900029915 /* RockClassicView.swift in Sources */,
				0470BB0C2833B62F0074643A /* UIImageAverageColor.swift in Sources */,
				0410B5DE281D347400CAB7D6 /* RadioStationModel.swift in Sources */,
				041C92422823DC98001DE63A /* FavoriteRadioStationView.swift in Sources */,
				0481D385282FEEDE009682E9 /* HipHopModel.swift in Sources */,
				047D04A32810167D00891D4E /* MediaLibraryView.swift in Sources */,
				047D048E280ED2C100891D4E /* TabViewContent.swift in Sources */,
				047D04A72810244100891D4E /* OptionLibraryModel.swift in Sources */,
				0481D39028305AD7009682E9 /* PopMusicModel.swift in Sources */,
				04DD5B20282CA9E100828C43 /* CategoryCellTypes.swift in Sources */,
				0471E3C12830660600029915 /* PopMusicCellTypes.swift in Sources */,
				044077D2282DCB2800634139 /* SongMenuButton.swift in Sources */,
				0470BB092833B4190074643A /* PlayerView.swift in Sources */,
				047D04A9281027F500891D4E /* OptionLibraryView.swift in Sources */,
				0471E3CC28314FAC00029915 /* SmoothJazzModel.swift in Sources */,
				0481D38C282FFE8D009682E9 /* HipHopCellTypes.swift in Sources */,
				0416304B2835852000E88E14 /* CoverView.swift in Sources */,
				04DD5AF428297D1700828C43 /* CategoryView.swift in Sources */,
				0481D37A282FA3F7009682E9 /* HitsHeader.swift in Sources */,
				046D55452817F19400D05C91 /* RadioView.swift in Sources */,
				0470BB152833B83A0074643A /* PlayerAttributes.swift in Sources */,
				0470BB112833B7B40074643A /* PlayButton.swift in Sources */,
				047D04AB28103DE900891D4E /* LibraryView.swift in Sources */,
				0470BB0E2833B75A0074643A /* NextButton.swift in Sources */,
				0481D388282FFE75009682E9 /* HipHopView.swift in Sources */,
				041630532835876000E88E14 /* AdditionalButtons.swift in Sources */,
				0470BB00283195F50074643A /* ChillOutCellTypes.swift in Sources */,
				0416304D283585E800E88E14 /* SongNameView.swift in Sources */,
				0471E3D328318C2300029915 /* SmoothJazzCellTypes.swift in Sources */,
				0481D37C282FA40B009682E9 /* HitsCellTypes.swift in Sources */,
				0471E3C328311F1900029915 /* RockClassicModel.swift in Sources */,
				0470BB072833B37A0074643A /* PlayerBar.swift in Sources */,
				047D04A1280FFF8F00891D4E /* SongModel.swift in Sources */,
				0471E3D52831905600029915 /* ChillOutModel.swift in Sources */,
				0471E3D128318C1100029915 /* SmoothJazzHeader.swift in Sources */,
				04DD5B1B282C63D000828C43 /* LightPopView.swift in Sources */,
				0470BAFE283195ED0074643A /* ChillOutHeader.swift in Sources */,
				0410B5DC281D2ED400CAB7D6 /* FavoriteRadioStationModel.swift in Sources */,
				0470BB132833B7C20074643A /* NextButtonReverse.swift in Sources */,
				044077D0282DC1BA00634139 /* ToolBarMenuButton.swift in Sources */,
				047D048C280ED2C100891D4E /* AppleMusicSwiftUIApp.swift in Sources */,
				04DD5B19282C0C3400828C43 /* LightPopModel.swift in Sources */,
				041C92442823DE95001DE63A /* RadioStationView.swift in Sources */,
				0471E3C828314B2300029915 /* RockClassicHeader.swift in Sources */,
				0416304F283586AB00E88E14 /* ProgressBarView.swift in Sources */,
				0471E3CF28318C0600029915 /* SmoothJazzView.swift in Sources */,
				047BF65928122C6800F722A9 /* Constants.swift in Sources */,
				046D55472817F25000D05C91 /* SearchView.swift in Sources */,
				044077CC282DB77C00634139 /* LightPopCellTypes.swift in Sources */,
				044077CA282DB68300634139 /* Category.swift in Sources */,
			);
			runOnlyForDeploymentPostprocessing = 0;
		};
/* End PBXSourcesBuildPhase section */

/* Begin XCBuildConfiguration section */
		047D0494280ED2C400891D4E /* Debug */ = {
			isa = XCBuildConfiguration;
			buildSettings = {
				ALWAYS_SEARCH_USER_PATHS = NO;
				CLANG_ANALYZER_NONNULL = YES;
				CLANG_ANALYZER_NUMBER_OBJECT_CONVERSION = YES_AGGRESSIVE;
				CLANG_CXX_LANGUAGE_STANDARD = "gnu++17";
				CLANG_ENABLE_MODULES = YES;
				CLANG_ENABLE_OBJC_ARC = YES;
				CLANG_ENABLE_OBJC_WEAK = YES;
				CLANG_WARN_BLOCK_CAPTURE_AUTORELEASING = YES;
				CLANG_WARN_BOOL_CONVERSION = YES;
				CLANG_WARN_COMMA = YES;
				CLANG_WARN_CONSTANT_CONVERSION = YES;
				CLANG_WARN_DEPRECATED_OBJC_IMPLEMENTATIONS = YES;
				CLANG_WARN_DIRECT_OBJC_ISA_USAGE = YES_ERROR;
				CLANG_WARN_DOCUMENTATION_COMMENTS = YES;
				CLANG_WARN_EMPTY_BODY = YES;
				CLANG_WARN_ENUM_CONVERSION = YES;
				CLANG_WARN_INFINITE_RECURSION = YES;
				CLANG_WARN_INT_CONVERSION = YES;
				CLANG_WARN_NON_LITERAL_NULL_CONVERSION = YES;
				CLANG_WARN_OBJC_IMPLICIT_RETAIN_SELF = YES;
				CLANG_WARN_OBJC_LITERAL_CONVERSION = YES;
				CLANG_WARN_OBJC_ROOT_CLASS = YES_ERROR;
				CLANG_WARN_QUOTED_INCLUDE_IN_FRAMEWORK_HEADER = YES;
				CLANG_WARN_RANGE_LOOP_ANALYSIS = YES;
				CLANG_WARN_STRICT_PROTOTYPES = YES;
				CLANG_WARN_SUSPICIOUS_MOVE = YES;
				CLANG_WARN_UNGUARDED_AVAILABILITY = YES_AGGRESSIVE;
				CLANG_WARN_UNREACHABLE_CODE = YES;
				CLANG_WARN__DUPLICATE_METHOD_MATCH = YES;
				COPY_PHASE_STRIP = NO;
				DEBUG_INFORMATION_FORMAT = dwarf;
				ENABLE_STRICT_OBJC_MSGSEND = YES;
				ENABLE_TESTABILITY = YES;
				GCC_C_LANGUAGE_STANDARD = gnu11;
				GCC_DYNAMIC_NO_PIC = NO;
				GCC_NO_COMMON_BLOCKS = YES;
				GCC_OPTIMIZATION_LEVEL = 0;
				GCC_PREPROCESSOR_DEFINITIONS = (
					"DEBUG=1",
					"$(inherited)",
				);
				GCC_WARN_64_TO_32_BIT_CONVERSION = YES;
				GCC_WARN_ABOUT_RETURN_TYPE = YES_ERROR;
				GCC_WARN_UNDECLARED_SELECTOR = YES;
				GCC_WARN_UNINITIALIZED_AUTOS = YES_AGGRESSIVE;
				GCC_WARN_UNUSED_FUNCTION = YES;
				GCC_WARN_UNUSED_VARIABLE = YES;
				IPHONEOS_DEPLOYMENT_TARGET = 15.4;
				MTL_ENABLE_DEBUG_INFO = INCLUDE_SOURCE;
				MTL_FAST_MATH = YES;
				ONLY_ACTIVE_ARCH = YES;
				SDKROOT = iphoneos;
				SWIFT_ACTIVE_COMPILATION_CONDITIONS = DEBUG;
				SWIFT_OPTIMIZATION_LEVEL = "-Onone";
			};
			name = Debug;
		};
		047D0495280ED2C400891D4E /* Release */ = {
			isa = XCBuildConfiguration;
			buildSettings = {
				ALWAYS_SEARCH_USER_PATHS = NO;
				CLANG_ANALYZER_NONNULL = YES;
				CLANG_ANALYZER_NUMBER_OBJECT_CONVERSION = YES_AGGRESSIVE;
				CLANG_CXX_LANGUAGE_STANDARD = "gnu++17";
				CLANG_ENABLE_MODULES = YES;
				CLANG_ENABLE_OBJC_ARC = YES;
				CLANG_ENABLE_OBJC_WEAK = YES;
				CLANG_WARN_BLOCK_CAPTURE_AUTORELEASING = YES;
				CLANG_WARN_BOOL_CONVERSION = YES;
				CLANG_WARN_COMMA = YES;
				CLANG_WARN_CONSTANT_CONVERSION = YES;
				CLANG_WARN_DEPRECATED_OBJC_IMPLEMENTATIONS = YES;
				CLANG_WARN_DIRECT_OBJC_ISA_USAGE = YES_ERROR;
				CLANG_WARN_DOCUMENTATION_COMMENTS = YES;
				CLANG_WARN_EMPTY_BODY = YES;
				CLANG_WARN_ENUM_CONVERSION = YES;
				CLANG_WARN_INFINITE_RECURSION = YES;
				CLANG_WARN_INT_CONVERSION = YES;
				CLANG_WARN_NON_LITERAL_NULL_CONVERSION = YES;
				CLANG_WARN_OBJC_IMPLICIT_RETAIN_SELF = YES;
				CLANG_WARN_OBJC_LITERAL_CONVERSION = YES;
				CLANG_WARN_OBJC_ROOT_CLASS = YES_ERROR;
				CLANG_WARN_QUOTED_INCLUDE_IN_FRAMEWORK_HEADER = YES;
				CLANG_WARN_RANGE_LOOP_ANALYSIS = YES;
				CLANG_WARN_STRICT_PROTOTYPES = YES;
				CLANG_WARN_SUSPICIOUS_MOVE = YES;
				CLANG_WARN_UNGUARDED_AVAILABILITY = YES_AGGRESSIVE;
				CLANG_WARN_UNREACHABLE_CODE = YES;
				CLANG_WARN__DUPLICATE_METHOD_MATCH = YES;
				COPY_PHASE_STRIP = NO;
				DEBUG_INFORMATION_FORMAT = "dwarf-with-dsym";
				ENABLE_NS_ASSERTIONS = NO;
				ENABLE_STRICT_OBJC_MSGSEND = YES;
				GCC_C_LANGUAGE_STANDARD = gnu11;
				GCC_NO_COMMON_BLOCKS = YES;
				GCC_WARN_64_TO_32_BIT_CONVERSION = YES;
				GCC_WARN_ABOUT_RETURN_TYPE = YES_ERROR;
				GCC_WARN_UNDECLARED_SELECTOR = YES;
				GCC_WARN_UNINITIALIZED_AUTOS = YES_AGGRESSIVE;
				GCC_WARN_UNUSED_FUNCTION = YES;
				GCC_WARN_UNUSED_VARIABLE = YES;
				IPHONEOS_DEPLOYMENT_TARGET = 15.4;
				MTL_ENABLE_DEBUG_INFO = NO;
				MTL_FAST_MATH = YES;
				SDKROOT = iphoneos;
				SWIFT_COMPILATION_MODE = wholemodule;
				SWIFT_OPTIMIZATION_LEVEL = "-O";
				VALIDATE_PRODUCT = YES;
			};
			name = Release;
		};
		047D0497280ED2C400891D4E /* Debug */ = {
			isa = XCBuildConfiguration;
			buildSettings = {
				ASSETCATALOG_COMPILER_APPICON_NAME = AppIcon;
				ASSETCATALOG_COMPILER_GLOBAL_ACCENT_COLOR_NAME = AccentColor;
				CODE_SIGN_STYLE = Automatic;
				CURRENT_PROJECT_VERSION = 1;
				DEVELOPMENT_ASSET_PATHS = "\"AppleMusicSwiftUI/Resources/Preview Content\"";
				DEVELOPMENT_TEAM = 34TG2Y4HBL;
				ENABLE_PREVIEWS = YES;
				GENERATE_INFOPLIST_FILE = YES;
				INFOPLIST_KEY_UIApplicationSceneManifest_Generation = YES;
				INFOPLIST_KEY_UIApplicationSupportsIndirectInputEvents = YES;
				INFOPLIST_KEY_UILaunchScreen_Generation = YES;
				INFOPLIST_KEY_UISupportedInterfaceOrientations_iPad = UIInterfaceOrientationPortrait;
				INFOPLIST_KEY_UISupportedInterfaceOrientations_iPhone = UIInterfaceOrientationPortrait;
				LD_RUNPATH_SEARCH_PATHS = (
					"$(inherited)",
					"@executable_path/Frameworks",
				);
				MARKETING_VERSION = 1.0;
				PRODUCT_BUNDLE_IDENTIFIER = com.my.AppleMusicSwiftUI;
				PRODUCT_NAME = "$(TARGET_NAME)";
				SWIFT_EMIT_LOC_STRINGS = YES;
				SWIFT_VERSION = 5.0;
				TARGETED_DEVICE_FAMILY = "1,2";
			};
			name = Debug;
		};
		047D0498280ED2C400891D4E /* Release */ = {
			isa = XCBuildConfiguration;
			buildSettings = {
				ASSETCATALOG_COMPILER_APPICON_NAME = AppIcon;
				ASSETCATALOG_COMPILER_GLOBAL_ACCENT_COLOR_NAME = AccentColor;
				CODE_SIGN_STYLE = Automatic;
				CURRENT_PROJECT_VERSION = 1;
				DEVELOPMENT_ASSET_PATHS = "\"AppleMusicSwiftUI/Resources/Preview Content\"";
				DEVELOPMENT_TEAM = 34TG2Y4HBL;
				ENABLE_PREVIEWS = YES;
				GENERATE_INFOPLIST_FILE = YES;
				INFOPLIST_KEY_UIApplicationSceneManifest_Generation = YES;
				INFOPLIST_KEY_UIApplicationSupportsIndirectInputEvents = YES;
				INFOPLIST_KEY_UILaunchScreen_Generation = YES;
				INFOPLIST_KEY_UISupportedInterfaceOrientations_iPad = UIInterfaceOrientationPortrait;
				INFOPLIST_KEY_UISupportedInterfaceOrientations_iPhone = UIInterfaceOrientationPortrait;
				LD_RUNPATH_SEARCH_PATHS = (
					"$(inherited)",
					"@executable_path/Frameworks",
				);
				MARKETING_VERSION = 1.0;
				PRODUCT_BUNDLE_IDENTIFIER = com.my.AppleMusicSwiftUI;
				PRODUCT_NAME = "$(TARGET_NAME)";
				SWIFT_EMIT_LOC_STRINGS = YES;
				SWIFT_VERSION = 5.0;
				TARGETED_DEVICE_FAMILY = "1,2";
			};
			name = Release;
		};
/* End XCBuildConfiguration section */

/* Begin XCConfigurationList section */
		047D0483280ED2C100891D4E /* Build configuration list for PBXProject "AppleMusicSwiftUI" */ = {
			isa = XCConfigurationList;
			buildConfigurations = (
				047D0494280ED2C400891D4E /* Debug */,
				047D0495280ED2C400891D4E /* Release */,
			);
			defaultConfigurationIsVisible = 0;
			defaultConfigurationName = Release;
		};
		047D0496280ED2C400891D4E /* Build configuration list for PBXNativeTarget "AppleMusicSwiftUI" */ = {
			isa = XCConfigurationList;
			buildConfigurations = (
				047D0497280ED2C400891D4E /* Debug */,
				047D0498280ED2C400891D4E /* Release */,
			);
			defaultConfigurationIsVisible = 0;
			defaultConfigurationName = Release;
		};
/* End XCConfigurationList section */

/* Begin XCRemoteSwiftPackageReference section */
		0470BB19283576170074643A /* XCRemoteSwiftPackageReference "MarqueeText" */ = {
			isa = XCRemoteSwiftPackageReference;
			repositoryURL = "https://github.com/joekndy/MarqueeText.git";
			requirement = {
				branch = master;
				kind = branch;
			};
		};
/* End XCRemoteSwiftPackageReference section */

/* Begin XCSwiftPackageProductDependency section */
		0470BB1A283576180074643A /* MarqueeText */ = {
			isa = XCSwiftPackageProductDependency;
			package = 0470BB19283576170074643A /* XCRemoteSwiftPackageReference "MarqueeText" */;
			productName = MarqueeText;
		};
/* End XCSwiftPackageProductDependency section */
	};
	rootObject = 047D0480280ED2C100891D4E /* Project object */;
}
